{
  "requires": true,
  "lockfileVersion": 1,
  "dependencies": {
    "@types/geojson": {
      "version": "1.0.6",
      "resolved": "https://registry.npmjs.org/@types/geojson/-/geojson-1.0.6.tgz",
      "integrity": "sha512-Xqg/lIZMrUd0VRmSRbCAewtwGZiAk3mEUDvV4op1tGl+LvyPcb/MIOSxTl9z+9+J+R4/vpjiCAT4xeKzH9ji1w=="
    },
    "jsts": {
      "version": "1.6.2",
      "resolved": "https://registry.npmjs.org/jsts/-/jsts-1.6.2.tgz",
      "integrity": "sha512-JNfDQk/fo5MeXx4xefvCyHZD22/DHowHr5K07FdgCJ81MEqn02HsDV5FQvYTz60ZIOv/+hhGbsVzXX5cuDWWlA=="
    },
    "leaflet": {
      "version": "1.3.4",
      "resolved": "https://registry.npmjs.org/leaflet/-/leaflet-1.3.4.tgz",
      "integrity": "sha512-FYL1LGFdj6v+2Ifpw+AcFIuIOqjNggfoLUwuwQv6+3sS21Za7Wvapq+LhbSE4NDXrEj6eYnW3y7LsaBICpyXtw=="
    },
    "leaflet-draw": {
      "version": "1.0.4",
      "resolved": "https://registry.npmjs.org/leaflet-draw/-/leaflet-draw-1.0.4.tgz",
      "integrity": "sha512-rsQ6saQO5ST5Aj6XRFylr5zvarWgzWnrg46zQ1MEOEIHsppdC/8hnN8qMoFvACsPvTioAuysya/TVtog15tyAQ=="
    },
    "leaflet-draw-drag": {
      "version": "0.4.5",
      "resolved": "https://registry.npmjs.org/leaflet-draw-drag/-/leaflet-draw-drag-0.4.5.tgz",
      "integrity": "sha512-Z3rWQZrwFiBnQX4EtctbCL5wPnr7NY1bUZT25hNCFE9sfBTXpdRjbuBx7UIXqJZUPqEGyXAJrEo5O/C77qhXgw==",
      "requires": {
        "leaflet-draw": "0.4.14",
        "leaflet-path-drag": "1.1.0"
      },
      "dependencies": {
        "leaflet-draw": {
          "version": "0.4.14",
          "resolved": "https://registry.npmjs.org/leaflet-draw/-/leaflet-draw-0.4.14.tgz",
          "integrity": "sha512-O99KSPjyHNMDE+uD/fpdPydvQfTE8QruaG7ylEEtKCIaSSb60mCWoDdGUqGEHU9PGPu2JxbEfkGTXY9eYv7aEw=="
        }
      }
    },
    "leaflet-path-drag": {
      "version": "1.1.0",
      "resolved": "https://registry.npmjs.org/leaflet-path-drag/-/leaflet-path-drag-1.1.0.tgz",
      "integrity": "sha512-wd2uNgn3yuMl7HI0YG0z6qhxnRbvCQHE8ncpERfUZ6gTPbM5Xctwzyi+gE8cMnIDlv22GO3slSBupD9GW7jIEQ=="
    },
    "terraformer": {
      "version": "1.0.9",
      "resolved": "https://registry.npmjs.org/terraformer/-/terraformer-1.0.9.tgz",
      "integrity": "sha512-YlmQ1fsMWTkKGDGibCRWgmLzrpDRUr63Q025LJ/taYQ6j1Yb8q9McKF7NBi6ACAyUXO6F/bl9w6v4MY307y5Ag==",
      "requires": {
        "@types/geojson": "1.0.6"
      }
    },
    "terraformer-wkt-parser": {
      "version": "1.2.0",
      "resolved": "https://registry.npmjs.org/terraformer-wkt-parser/-/terraformer-wkt-parser-1.2.0.tgz",
      "integrity": "sha512-QU3iA54St5lF8Za1jg1oj4NYc8sn5tCZ08aNSWDeGzrsaV48eZk1iAVWasxhNspYBoCqdHuoot1pUTUrE1AJ4w==",
      "requires": {
        "@types/geojson": "1.0.6",
        "terraformer": "1.0.9"
      }
    }
  }
}
